
Microsoft Visual Studio Solution File, Format Version 12.00
# Visual Studio 14
VisualStudioVersion = 14.0.23107.0
MinimumVisualStudioVersion = 10.0.40219.1
Project("{FAE04EC0-301F-11D3-BF4B-00C04F79EFBC}") = "Web.Portal", "Web.Portal\Web.Portal.csproj", "{94406F95-C032-4415-AAF3-75DADEADD326}"
EndProject
Project("{FAE04EC0-301F-11D3-BF4B-00C04F79EFBC}") = "Web.Portal.DataAccess", "Web.Portal.DataAccess\Web.Portal.DataAccess.csproj", "{5E354FE4-0838-46F8-BA59-3240317947F8}"
EndProject
Project("{FAE04EC0-301F-11D3-BF4B-00C04F79EFBC}") = "Web.Portal.Layer", "Web.Portal.Layer\Web.Portal.Layer.csproj", "{C2D105CD-79F6-4989-A9F0-B2A3879F7D2A}"
EndProject
Project("{FAE04EC0-301F-11D3-BF4B-00C04F79EFBC}") = "Web.Portal.Sercurity", "Web.Portal.Sercurity\Web.Portal.Sercurity.csproj", "{D696ECCC-8F8B-4543-865F-3E7535D802DC}"
EndProject
Project("{FAE04EC0-301F-11D3-BF4B-00C04F79EFBC}") = "Web.Portal.Upload", "Web.Portal.Upload\Web.Portal.Upload.csproj", "{727492B3-ED7D-4A8F-ADA2-9C3A364CFB61}"
EndProject
Project("{FAE04EC0-301F-11D3-BF4B-00C04F79EFBC}") = "Web.Portal.Utils", "Web.Portal.Utils\Web.Portal.Utils.csproj", "{35ABC5B8-74F7-4DC3-A533-375DDFA49FF0}"
EndProject
Project("{FAE04EC0-301F-11D3-BF4B-00C04F79EFBC}") = "Web.Portal.Controller", "Web.Portal.Controller\Web.Portal.Controller.csproj", "{8E4B87FC-1EE2-43B6-A5FE-00EE940C821A}"
EndProject
Project("{FAE04EC0-301F-11D3-BF4B-00C04F79EFBC}") = "Web.Portal.DataBase", "Web.Portal.DataBase\Web.Portal.DataBase.csproj", "{43D84A49-3B72-4270-8458-490C94E60981}"
EndProject
Project("{FAE04EC0-301F-11D3-BF4B-00C04F79EFBC}") = "Web.Portal.Data", "Web.Portal.Data\Web.Portal.Data.csproj", "{207A0662-CCB5-4A7B-B967-14A8D8FC2C1F}"
EndProject
Project("{FAE04EC0-301F-11D3-BF4B-00C04F79EFBC}") = "Web.Portal.Model", "Web.Portal.Model\Web.Portal.Model.csproj", "{FEC95E4D-70EC-4E85-8DA7-EC39059629D6}"
EndProject
Project("{FAE04EC0-301F-11D3-BF4B-00C04F79EFBC}") = "Web.Portal.Service", "Web.Portal.Service\Web.Portal.Service.csproj", "{FDE5E7F1-AF5E-440D-8E20-E43042284543}"
EndProject
Project("{FAE04EC0-301F-11D3-BF4B-00C04F79EFBC}") = "Web.Portal.Common", "Web.Portal.Common\Web.Portal.Common.csproj", "{5C197C4A-B16B-401C-848B-AC5106844A37}"
EndProject
Project("{FAE04EC0-301F-11D3-BF4B-00C04F79EFBC}") = "Web.Portal.ControllerApi", "Web.Portal.ApiController\Web.Portal.ControllerApi.csproj", "{A528E33A-6CDD-4AED-A3F6-FC945B314306}"
EndProject
Project("{FAE04EC0-301F-11D3-BF4B-00C04F79EFBC}") = "WCustomService", "WCustomService\WCustomService.csproj", "{B2F1C453-AC74-47AE-9134-69F14AC233EC}"
EndProject
Global
	GlobalSection(SolutionConfigurationPlatforms) = preSolution
		Debug|Any CPU = Debug|Any CPU
		Release|Any CPU = Release|Any CPU
	EndGlobalSection
	GlobalSection(ProjectConfigurationPlatforms) = postSolution
		{94406F95-C032-4415-AAF3-75DADEADD326}.Debug|Any CPU.ActiveCfg = Debug|Any CPU
		{94406F95-C032-4415-AAF3-75DADEADD326}.Debug|Any CPU.Build.0 = Debug|Any CPU
		{94406F95-C032-4415-AAF3-75DADEADD326}.Release|Any CPU.ActiveCfg = Release|Any CPU
		{94406F95-C032-4415-AAF3-75DADEADD326}.Release|Any CPU.Build.0 = Release|Any CPU
		{5E354FE4-0838-46F8-BA59-3240317947F8}.Debug|Any CPU.ActiveCfg = Debug|Any CPU
		{5E354FE4-0838-46F8-BA59-3240317947F8}.Debug|Any CPU.Build.0 = Debug|Any CPU
		{5E354FE4-0838-46F8-BA59-3240317947F8}.Release|Any CPU.ActiveCfg = Release|Any CPU
		{5E354FE4-0838-46F8-BA59-3240317947F8}.Release|Any CPU.Build.0 = Release|Any CPU
		{C2D105CD-79F6-4989-A9F0-B2A3879F7D2A}.Debug|Any CPU.ActiveCfg = Debug|Any CPU
		{C2D105CD-79F6-4989-A9F0-B2A3879F7D2A}.Debug|Any CPU.Build.0 = Debug|Any CPU
		{C2D105CD-79F6-4989-A9F0-B2A3879F7D2A}.Release|Any CPU.ActiveCfg = Release|Any CPU
		{C2D105CD-79F6-4989-A9F0-B2A3879F7D2A}.Release|Any CPU.Build.0 = Release|Any CPU
		{D696ECCC-8F8B-4543-865F-3E7535D802DC}.Debug|Any CPU.ActiveCfg = Debug|Any CPU
		{D696ECCC-8F8B-4543-865F-3E7535D802DC}.Debug|Any CPU.Build.0 = Debug|Any CPU
		{D696ECCC-8F8B-4543-865F-3E7535D802DC}.Release|Any CPU.ActiveCfg = Release|Any CPU
		{D696ECCC-8F8B-4543-865F-3E7535D802DC}.Release|Any CPU.Build.0 = Release|Any CPU
		{727492B3-ED7D-4A8F-ADA2-9C3A364CFB61}.Debug|Any CPU.ActiveCfg = Debug|Any CPU
		{727492B3-ED7D-4A8F-ADA2-9C3A364CFB61}.Debug|Any CPU.Build.0 = Debug|Any CPU
		{727492B3-ED7D-4A8F-ADA2-9C3A364CFB61}.Release|Any CPU.ActiveCfg = Release|Any CPU
		{727492B3-ED7D-4A8F-ADA2-9C3A364CFB61}.Release|Any CPU.Build.0 = Release|Any CPU
		{35ABC5B8-74F7-4DC3-A533-375DDFA49FF0}.Debug|Any CPU.ActiveCfg = Debug|Any CPU
		{35ABC5B8-74F7-4DC3-A533-375DDFA49FF0}.Debug|Any CPU.Build.0 = Debug|Any CPU
		{35ABC5B8-74F7-4DC3-A533-375DDFA49FF0}.Release|Any CPU.ActiveCfg = Release|Any CPU
		{35ABC5B8-74F7-4DC3-A533-375DDFA49FF0}.Release|Any CPU.Build.0 = Release|Any CPU
		{8E4B87FC-1EE2-43B6-A5FE-00EE940C821A}.Debug|Any CPU.ActiveCfg = Debug|Any CPU
		{8E4B87FC-1EE2-43B6-A5FE-00EE940C821A}.Debug|Any CPU.Build.0 = Debug|Any CPU
		{8E4B87FC-1EE2-43B6-A5FE-00EE940C821A}.Release|Any CPU.ActiveCfg = Release|Any CPU
		{8E4B87FC-1EE2-43B6-A5FE-00EE940C821A}.Release|Any CPU.Build.0 = Release|Any CPU
		{43D84A49-3B72-4270-8458-490C94E60981}.Debug|Any CPU.ActiveCfg = Debug|Any CPU
		{43D84A49-3B72-4270-8458-490C94E60981}.Debug|Any CPU.Build.0 = Debug|Any CPU
		{43D84A49-3B72-4270-8458-490C94E60981}.Release|Any CPU.ActiveCfg = Release|Any CPU
		{43D84A49-3B72-4270-8458-490C94E60981}.Release|Any CPU.Build.0 = Release|Any CPU
		{207A0662-CCB5-4A7B-B967-14A8D8FC2C1F}.Debug|Any CPU.ActiveCfg = Debug|Any CPU
		{207A0662-CCB5-4A7B-B967-14A8D8FC2C1F}.Debug|Any CPU.Build.0 = Debug|Any CPU
		{207A0662-CCB5-4A7B-B967-14A8D8FC2C1F}.Release|Any CPU.ActiveCfg = Release|Any CPU
		{207A0662-CCB5-4A7B-B967-14A8D8FC2C1F}.Release|Any CPU.Build.0 = Release|Any CPU
		{FEC95E4D-70EC-4E85-8DA7-EC39059629D6}.Debug|Any CPU.ActiveCfg = Debug|Any CPU
		{FEC95E4D-70EC-4E85-8DA7-EC39059629D6}.Debug|Any CPU.Build.0 = Debug|Any CPU
		{FEC95E4D-70EC-4E85-8DA7-EC39059629D6}.Release|Any CPU.ActiveCfg = Release|Any CPU
		{FEC95E4D-70EC-4E85-8DA7-EC39059629D6}.Release|Any CPU.Build.0 = Release|Any CPU
		{FDE5E7F1-AF5E-440D-8E20-E43042284543}.Debug|Any CPU.ActiveCfg = Debug|Any CPU
		{FDE5E7F1-AF5E-440D-8E20-E43042284543}.Debug|Any CPU.Build.0 = Debug|Any CPU
		{FDE5E7F1-AF5E-440D-8E20-E43042284543}.Release|Any CPU.ActiveCfg = Release|Any CPU
		{FDE5E7F1-AF5E-440D-8E20-E43042284543}.Release|Any CPU.Build.0 = Release|Any CPU
		{5C197C4A-B16B-401C-848B-AC5106844A37}.Debug|Any CPU.ActiveCfg = Debug|Any CPU
		{5C197C4A-B16B-401C-848B-AC5106844A37}.Debug|Any CPU.Build.0 = Debug|Any CPU
		{5C197C4A-B16B-401C-848B-AC5106844A37}.Release|Any CPU.ActiveCfg = Release|Any CPU
		{5C197C4A-B16B-401C-848B-AC5106844A37}.Release|Any CPU.Build.0 = Release|Any CPU
		{A528E33A-6CDD-4AED-A3F6-FC945B314306}.Debug|Any CPU.ActiveCfg = Debug|Any CPU
		{A528E33A-6CDD-4AED-A3F6-FC945B314306}.Debug|Any CPU.Build.0 = Debug|Any CPU
		{A528E33A-6CDD-4AED-A3F6-FC945B314306}.Release|Any CPU.ActiveCfg = Release|Any CPU
		{A528E33A-6CDD-4AED-A3F6-FC945B314306}.Release|Any CPU.Build.0 = Release|Any CPU
		{B2F1C453-AC74-47AE-9134-69F14AC233EC}.Debug|Any CPU.ActiveCfg = Debug|Any CPU
		{B2F1C453-AC74-47AE-9134-69F14AC233EC}.Debug|Any CPU.Build.0 = Debug|Any CPU
		{B2F1C453-AC74-47AE-9134-69F14AC233EC}.Release|Any CPU.ActiveCfg = Release|Any CPU
		{B2F1C453-AC74-47AE-9134-69F14AC233EC}.Release|Any CPU.Build.0 = Release|Any CPU
	EndGlobalSection
	GlobalSection(SolutionProperties) = preSolution
		HideSolutionNode = FALSE
	EndGlobalSection
EndGlobal
